
Microsoft Visual Studio Solution File, Format Version 11.00
# Visual Studio 2010
Project("{FAE04EC0-301F-11D3-BF4B-00C04F79EFBC}") = "PayMe", "PayMe\PayMe.csproj", "{8685f9ad-38f0-433e-9aa9-246d5ae87004}"
EndProject
Global
	GlobalSection(SolutionConfigurationPlatforms) = preSolution
		Debug|Any CPU = Debug|Any CPU
		Release|Any CPU = Release|Any CPU
	EndGlobalSection
	GlobalSection(ProjectConfigurationPlatforms) = postSolution
		{8685F9AD-38F0-433E-9AA9-246D5AE87004}.Debug|Any CPU.ActiveCfg = Debug|Any CPU
		{8685F9AD-38F0-433E-9AA9-246D5AE87004}.Debug|Any CPU.Build.0 = Debug|Any CPU
		{8685F9AD-38F0-433E-9AA9-246D5AE87004}.Debug|Any CPU.Deploy.0 = Debug|Any CPU
		{8685F9AD-38F0-433E-9AA9-246D5AE87004}.Release|Any CPU.ActiveCfg = Release|Any CPU
		{8685F9AD-38F0-433E-9AA9-246D5AE87004}.Release|Any CPU.Build.0 = Release|Any CPU
		{8685F9AD-38F0-433E-9AA9-246D5AE87004}.Release|Any CPU.Deploy.0 = Release|Any CPU
	EndGlobalSection
EndGlobal
